// !$*UTF8*$!
{
	archiveVersion = 1;
	classes = {
	};
	objectVersion = 46;
	objects = {

/* Begin PBXBuildFile section */
		1E3678AC1EADE1E6001EB9BF /* main.swift in Sources */ = {isa = PBXBuildFile; fileRef = 1E3678AB1EADE1E6001EB9BF /* main.swift */; };
		1E7402D21EB1CD9A00E1F0D6 /* countAndSay.swift in Sources */ = {isa = PBXBuildFile; fileRef = 1E7402D11EB1CD9A00E1F0D6 /* countAndSay.swift */; };
		1E7402D41EB30DBD00E1F0D6 /* RemoveDuplicate.swift in Sources */ = {isa = PBXBuildFile; fileRef = 1E7402D31EB30DBD00E1F0D6 /* RemoveDuplicate.swift */; };
		1E7402D61EB33F4D00E1F0D6 /* strStr.swift in Sources */ = {isa = PBXBuildFile; fileRef = 1E7402D51EB33F4D00E1F0D6 /* strStr.swift */; };
		1E7402D81EB83F1B00E1F0D6 /* MoveZeros.swift in Sources */ = {isa = PBXBuildFile; fileRef = 1E7402D71EB83F1B00E1F0D6 /* MoveZeros.swift */; };
		1E7402DA1EBAD66000E1F0D6 /* SumTwoIntegers.swift in Sources */ = {isa = PBXBuildFile; fileRef = 1E7402D91EBAD66000E1F0D6 /* SumTwoIntegers.swift */; };
		1E7402DC1EBB131400E1F0D6 /* FirstUniqueChar.swift in Sources */ = {isa = PBXBuildFile; fileRef = 1E7402DB1EBB131400E1F0D6 /* FirstUniqueChar.swift */; };
		1E7402DF1EC0446400E1F0D6 /* ReverseString2.swift in Sources */ = {isa = PBXBuildFile; fileRef = 1E7402DE1EC0446400E1F0D6 /* ReverseString2.swift */; };
		1EB909A81EAF2C7900A43CE1 /* TwoSum.swift in Sources */ = {isa = PBXBuildFile; fileRef = 1EB909A71EAF2C7900A43CE1 /* TwoSum.swift */; };
		1EB909AB1EB0709200A43CE1 /* SearchInsertPosition.swift in Sources */ = {isa = PBXBuildFile; fileRef = 1EB909AA1EB0709200A43CE1 /* SearchInsertPosition.swift */; };
		1ECAD9DF1EDFF09E000DFC44 /* Base7.swift in Sources */ = {isa = PBXBuildFile; fileRef = 1ECAD9DE1EDFF09E000DFC44 /* Base7.swift */; };
		1ECAD9E11EE005A1000DFC44 /* checkRecord.swift in Sources */ = {isa = PBXBuildFile; fileRef = 1ECAD9E01EE005A1000DFC44 /* checkRecord.swift */; };
/* End PBXBuildFile section */

/* Begin PBXCopyFilesBuildPhase section */
		1E3678A61EADE1E6001EB9BF /* CopyFiles */ = {
			isa = PBXCopyFilesBuildPhase;
			buildActionMask = 2147483647;
			dstPath = /usr/share/man/man1/;
			dstSubfolderSpec = 0;
			files = (
			);
			runOnlyForDeploymentPostprocessing = 1;
		};
/* End PBXCopyFilesBuildPhase section */

/* Begin PBXFileReference section */
		1E3678A81EADE1E6001EB9BF /* PracticeCode */ = {isa = PBXFileReference; explicitFileType = "compiled.mach-o.executable"; includeInIndex = 0; path = PracticeCode; sourceTree = BUILT_PRODUCTS_DIR; };
		1E3678AB1EADE1E6001EB9BF /* main.swift */ = {isa = PBXFileReference; lastKnownFileType = sourcecode.swift; path = main.swift; sourceTree = "<group>"; };
		1E7402D11EB1CD9A00E1F0D6 /* countAndSay.swift */ = {isa = PBXFileReference; fileEncoding = 4; lastKnownFileType = sourcecode.swift; path = countAndSay.swift; sourceTree = "<group>"; };
		1E7402D31EB30DBD00E1F0D6 /* RemoveDuplicate.swift */ = {isa = PBXFileReference; fileEncoding = 4; lastKnownFileType = sourcecode.swift; path = RemoveDuplicate.swift; sourceTree = "<group>"; };
		1E7402D51EB33F4D00E1F0D6 /* strStr.swift */ = {isa = PBXFileReference; fileEncoding = 4; lastKnownFileType = sourcecode.swift; path = strStr.swift; sourceTree = "<group>"; };
		1E7402D71EB83F1B00E1F0D6 /* MoveZeros.swift */ = {isa = PBXFileReference; fileEncoding = 4; lastKnownFileType = sourcecode.swift; path = MoveZeros.swift; sourceTree = "<group>"; };
		1E7402D91EBAD66000E1F0D6 /* SumTwoIntegers.swift */ = {isa = PBXFileReference; fileEncoding = 4; lastKnownFileType = sourcecode.swift; path = SumTwoIntegers.swift; sourceTree = "<group>"; };
		1E7402DB1EBB131400E1F0D6 /* FirstUniqueChar.swift */ = {isa = PBXFileReference; fileEncoding = 4; lastKnownFileType = sourcecode.swift; path = FirstUniqueChar.swift; sourceTree = "<group>"; };
		1E7402DE1EC0446400E1F0D6 /* ReverseString2.swift */ = {isa = PBXFileReference; fileEncoding = 4; lastKnownFileType = sourcecode.swift; path = ReverseString2.swift; sourceTree = "<group>"; };
		1EB909A71EAF2C7900A43CE1 /* TwoSum.swift */ = {isa = PBXFileReference; fileEncoding = 4; lastKnownFileType = sourcecode.swift; path = TwoSum.swift; sourceTree = "<group>"; };
		1EB909AA1EB0709200A43CE1 /* SearchInsertPosition.swift */ = {isa = PBXFileReference; fileEncoding = 4; lastKnownFileType = sourcecode.swift; path = SearchInsertPosition.swift; sourceTree = "<group>"; };
		1ECAD9DE1EDFF09E000DFC44 /* Base7.swift */ = {isa = PBXFileReference; fileEncoding = 4; lastKnownFileType = sourcecode.swift; path = Base7.swift; sourceTree = "<group>"; };
		1ECAD9E01EE005A1000DFC44 /* checkRecord.swift */ = {isa = PBXFileReference; fileEncoding = 4; lastKnownFileType = sourcecode.swift; path = checkRecord.swift; sourceTree = "<group>"; };
/* End PBXFileReference section */

/* Begin PBXFrameworksBuildPhase section */
		1E3678A51EADE1E6001EB9BF /* Frameworks */ = {
			isa = PBXFrameworksBuildPhase;
			buildActionMask = 2147483647;
			files = (
			);
			runOnlyForDeploymentPostprocessing = 0;
		};
/* End PBXFrameworksBuildPhase section */

/* Begin PBXGroup section */
		1E36789F1EADE1E6001EB9BF = {
			isa = PBXGroup;
			children = (
				1E3678AA1EADE1E6001EB9BF /* PracticeCode */,
				1E3678A91EADE1E6001EB9BF /* Products */,
			);
			sourceTree = "<group>";
		};
		1E3678A91EADE1E6001EB9BF /* Products */ = {
			isa = PBXGroup;
			children = (
				1E3678A81EADE1E6001EB9BF /* PracticeCode */,
			);
			name = Products;
			sourceTree = "<group>";
		};
		1E3678AA1EADE1E6001EB9BF /* PracticeCode */ = {
			isa = PBXGroup;
			children = (
				1E3678AB1EADE1E6001EB9BF /* main.swift */,
				1EB909A71EAF2C7900A43CE1 /* TwoSum.swift */,
				1EB909AA1EB0709200A43CE1 /* SearchInsertPosition.swift */,
				1E7402D11EB1CD9A00E1F0D6 /* countAndSay.swift */,
				1E7402D31EB30DBD00E1F0D6 /* RemoveDuplicate.swift */,
				1E7402D51EB33F4D00E1F0D6 /* strStr.swift */,
				1E7402D71EB83F1B00E1F0D6 /* MoveZeros.swift */,
				1E7402D91EBAD66000E1F0D6 /* SumTwoIntegers.swift */,
				1E7402DB1EBB131400E1F0D6 /* FirstUniqueChar.swift */,
				1E7402DE1EC0446400E1F0D6 /* ReverseString2.swift */,
				1ECAD9DE1EDFF09E000DFC44 /* Base7.swift */,
				1ECAD9E01EE005A1000DFC44 /* checkRecord.swift */,
			);
			path = PracticeCode;
			sourceTree = "<group>";
		};
/* End PBXGroup section */

/* Begin PBXNativeTarget section */
		1E3678A71EADE1E6001EB9BF /* PracticeCode */ = {
			isa = PBXNativeTarget;
			buildConfigurationList = 1E3678AF1EADE1E6001EB9BF /* Build configuration list for PBXNativeTarget "PracticeCode" */;
			buildPhases = (
				1E3678A41EADE1E6001EB9BF /* Sources */,
				1E3678A51EADE1E6001EB9BF /* Frameworks */,
				1E3678A61EADE1E6001EB9BF /* CopyFiles */,
			);
			buildRules = (
			);
			dependencies = (
			);
			name = PracticeCode;
			productName = PracticeCode;
			productReference = 1E3678A81EADE1E6001EB9BF /* PracticeCode */;
			productType = "com.apple.product-type.tool";
		};
/* End PBXNativeTarget section */

/* Begin PBXProject section */
		1E3678A01EADE1E6001EB9BF /* Project object */ = {
			isa = PBXProject;
			attributes = {
				LastSwiftUpdateCheck = 0830;
				LastUpgradeCheck = 0830;
				ORGANIZATIONNAME = ccHsieh;
				TargetAttributes = {
					1E3678A71EADE1E6001EB9BF = {
						CreatedOnToolsVersion = 8.3.1;
						ProvisioningStyle = Automatic;
					};
				};
			};
			buildConfigurationList = 1E3678A31EADE1E6001EB9BF /* Build configuration list for PBXProject "PracticeCode" */;
			compatibilityVersion = "Xcode 3.2";
			developmentRegion = English;
			hasScannedForEncodings = 0;
			knownRegions = (
				en,
			);
			mainGroup = 1E36789F1EADE1E6001EB9BF;
			productRefGroup = 1E3678A91EADE1E6001EB9BF /* Products */;
			projectDirPath = "";
			projectRoot = "";
			targets = (
				1E3678A71EADE1E6001EB9BF /* PracticeCode */,
			);
		};
/* End PBXProject section */

/* Begin PBXSourcesBuildPhase section */
		1E3678A41EADE1E6001EB9BF /* Sources */ = {
			isa = PBXSourcesBuildPhase;
			buildActionMask = 2147483647;
			files = (
				1EB909A81EAF2C7900A43CE1 /* TwoSum.swift in Sources */,
				1E7402D81EB83F1B00E1F0D6 /* MoveZeros.swift in Sources */,
				1E7402DF1EC0446400E1F0D6 /* ReverseString2.swift in Sources */,
				1E7402D21EB1CD9A00E1F0D6 /* countAndSay.swift in Sources */,
				1ECAD9DF1EDFF09E000DFC44 /* Base7.swift in Sources */,
				1ECAD9E11EE005A1000DFC44 /* checkRecord.swift in Sources */,
				1E7402D41EB30DBD00E1F0D6 /* RemoveDuplicate.swift in Sources */,
				1E7402D61EB33F4D00E1F0D6 /* strStr.swift in Sources */,
				1EB909AB1EB0709200A43CE1 /* SearchInsertPosition.swift in Sources */,
				1E3678AC1EADE1E6001EB9BF /* main.swift in Sources */,
				1E7402DA1EBAD66000E1F0D6 /* SumTwoIntegers.swift in Sources */,
				1E7402DC1EBB131400E1F0D6 /* FirstUniqueChar.swift in Sources */,
			);
			runOnlyForDeploymentPostprocessing = 0;
		};
/* End PBXSourcesBuildPhase section */

/* Begin XCBuildConfiguration section */
		1E3678AD1EADE1E6001EB9BF /* Debug */ = {
			isa = XCBuildConfiguration;
			buildSettings = {
				ALWAYS_SEARCH_USER_PATHS = NO;
				CLANG_ANALYZER_NONNULL = YES;
				CLANG_ANALYZER_NUMBER_OBJECT_CONVERSION = YES_AGGRESSIVE;
				CLANG_CXX_LANGUAGE_STANDARD = "gnu++0x";
				CLANG_CXX_LIBRARY = "libc++";
				CLANG_ENABLE_MODULES = YES;
				CLANG_ENABLE_OBJC_ARC = YES;
				CLANG_WARN_BOOL_CONVERSION = YES;
				CLANG_WARN_CONSTANT_CONVERSION = YES;
				CLANG_WARN_DIRECT_OBJC_ISA_USAGE = YES_ERROR;
				CLANG_WARN_DOCUMENTATION_COMMENTS = YES;
				CLANG_WARN_EMPTY_BODY = YES;
				CLANG_WARN_ENUM_CONVERSION = YES;
				CLANG_WARN_INFINITE_RECURSION = YES;
				CLANG_WARN_INT_CONVERSION = YES;
				CLANG_WARN_OBJC_ROOT_CLASS = YES_ERROR;
				CLANG_WARN_SUSPICIOUS_MOVE = YES;
				CLANG_WARN_UNREACHABLE_CODE = YES;
				CLANG_WARN__DUPLICATE_METHOD_MATCH = YES;
				CODE_SIGN_IDENTITY = "-";
				COPY_PHASE_STRIP = NO;
				DEBUG_INFORMATION_FORMAT = dwarf;
				ENABLE_STRICT_OBJC_MSGSEND = YES;
				ENABLE_TESTABILITY = YES;
				GCC_C_LANGUAGE_STANDARD = gnu99;
				GCC_DYNAMIC_NO_PIC = NO;
				GCC_NO_COMMON_BLOCKS = YES;
				GCC_OPTIMIZATION_LEVEL = 0;
				GCC_PREPROCESSOR_DEFINITIONS = (
					"DEBUG=1",
					"$(inherited)",
				);
				GCC_WARN_64_TO_32_BIT_CONVERSION = YES;
				GCC_WARN_ABOUT_RETURN_TYPE = YES_ERROR;
				GCC_WARN_UNDECLARED_SELECTOR = YES;
				GCC_WARN_UNINITIALIZED_AUTOS = YES_AGGRESSIVE;
				GCC_WARN_UNUSED_FUNCTION = YES;
				GCC_WARN_UNUSED_VARIABLE = YES;
				MACOSX_DEPLOYMENT_TARGET = 10.12;
				MTL_ENABLE_DEBUG_INFO = YES;
				ONLY_ACTIVE_ARCH = YES;
				SDKROOT = macosx;
				SWIFT_OPTIMIZATION_LEVEL = "-Onone";
			};
			name = Debug;
		};
		1E3678AE1EADE1E6001EB9BF /* Release */ = {
			isa = XCBuildConfiguration;
			buildSettings = {
				ALWAYS_SEARCH_USER_PATHS = NO;
				CLANG_ANALYZER_NONNULL = YES;
				CLANG_ANALYZER_NUMBER_OBJECT_CONVERSION = YES_AGGRESSIVE;
				CLANG_CXX_LANGUAGE_STANDARD = "gnu++0x";
				CLANG_CXX_LIBRARY = "libc++";
				CLANG_ENABLE_MODULES = YES;
				CLANG_ENABLE_OBJC_ARC = YES;
				CLANG_WARN_BOOL_CONVERSION = YES;
				CLANG_WARN_CONSTANT_CONVERSION = YES;
				CLANG_WARN_DIRECT_OBJC_ISA_USAGE = YES_ERROR;
				CLANG_WARN_DOCUMENTATION_COMMENTS = YES;
				CLANG_WARN_EMPTY_BODY = YES;
				CLANG_WARN_ENUM_CONVERSION = YES;
				CLANG_WARN_INFINITE_RECURSION = YES;
				CLANG_WARN_INT_CONVERSION = YES;
				CLANG_WARN_OBJC_ROOT_CLASS = YES_ERROR;
				CLANG_WARN_SUSPICIOUS_MOVE = YES;
				CLANG_WARN_UNREACHABLE_CODE = YES;
				CLANG_WARN__DUPLICATE_METHOD_MATCH = YES;
				CODE_SIGN_IDENTITY = "-";
				COPY_PHASE_STRIP = NO;
				DEBUG_INFORMATION_FORMAT = "dwarf-with-dsym";
				ENABLE_NS_ASSERTIONS = NO;
				ENABLE_STRICT_OBJC_MSGSEND = YES;
				GCC_C_LANGUAGE_STANDARD = gnu99;
				GCC_NO_COMMON_BLOCKS = YES;
				GCC_WARN_64_TO_32_BIT_CONVERSION = YES;
				GCC_WARN_ABOUT_RETURN_TYPE = YES_ERROR;
				GCC_WARN_UNDECLARED_SELECTOR = YES;
				GCC_WARN_UNINITIALIZED_AUTOS = YES_AGGRESSIVE;
				GCC_WARN_UNUSED_FUNCTION = YES;
				GCC_WARN_UNUSED_VARIABLE = YES;
				MACOSX_DEPLOYMENT_TARGET = 10.12;
				MTL_ENABLE_DEBUG_INFO = NO;
				SDKROOT = macosx;
			};
			name = Release;
		};
		1E3678B01EADE1E6001EB9BF /* Debug */ = {
			isa = XCBuildConfiguration;
			buildSettings = {
				PRODUCT_NAME = "$(TARGET_NAME)";
				SWIFT_VERSION = 3.0;
			};
			name = Debug;
		};
		1E3678B11EADE1E6001EB9BF /* Release */ = {
			isa = XCBuildConfiguration;
			buildSettings = {
				PRODUCT_NAME = "$(TARGET_NAME)";
				SWIFT_VERSION = 3.0;
			};
			name = Release;
		};
/* End XCBuildConfiguration section */

/* Begin XCConfigurationList section */
		1E3678A31EADE1E6001EB9BF /* Build configuration list for PBXProject "PracticeCode" */ = {
			isa = XCConfigurationList;
			buildConfigurations = (
				1E3678AD1EADE1E6001EB9BF /* Debug */,
				1E3678AE1EADE1E6001EB9BF /* Release */,
			);
			defaultConfigurationIsVisible = 0;
			defaultConfigurationName = Release;
		};
		1E3678AF1EADE1E6001EB9BF /* Build configuration list for PBXNativeTarget "PracticeCode" */ = {
			isa = XCConfigurationList;
			buildConfigurations = (
				1E3678B01EADE1E6001EB9BF /* Debug */,
				1E3678B11EADE1E6001EB9BF /* Release */,
			);
			defaultConfigurationIsVisible = 0;
			defaultConfigurationName = Release;
		};
/* End XCConfigurationList section */
	};
	rootObject = 1E3678A01EADE1E6001EB9BF /* Project object */;
}
